{
  "originHash" : "553015e95b90834deb6989c1fa1e843dd83e33fc982b2a8474540269100a27d4",
  "pins" : [
    {
      "identity" : "mist-vble-ios-sdk",
      "kind" : "remoteSourceControl",
      "location" : "https://github.com/mistsys/mist-vble-ios-sdk",
      "state" : {
        "revision" : "eee9864d605d6e874d898bbe3f6b57d9ffb6a205",
        "version" : "4.2.2"
      }
    }
  ],
  "version" : 3
}
